{
  "name": "language-dhall",
  "version": "0.0.0",
  "lockfileVersion": 1,
  "requires": true,
  "dependencies": {
    "nan": {
      "version": "2.12.1",
      "resolved": "https://registry.npmjs.org/nan/-/nan-2.12.1.tgz",
      "integrity": "sha512-JY7V6lRkStKcKTvHO5NVSQRv+RV+FIL5pvDoLiAtSL9pKlC5x9PKQcZDsq7m4FO4d57mkhC6Z+QhAh3Jdk5JFw=="
    },
    "tree-sitter-dhall": {
      "version": "github:jmitchell/tree-sitter-dhall#114e2ad18592e4e65423eec1661fb911f0251252",
      "from": "github:jmitchell/tree-sitter-dhall",
      "requires": {
        "nan": "^2.12.1"
      }
    }
  }
}
